github.com/Kubuxu/go-os-helper v0.0.0-20161003143644-3d3fc2fb493d h1:S7TIGG5VLqaIbPE2Ke6/dOEdwOuxTYv55YaQ34amI4Q=
github.com/Kubuxu/go-os-helper v0.0.0-20161003143644-3d3fc2fb493d/go.mod h1:N8B+I7vPCT80IcP58r50u4+gEEcsZETFUpAzWW2ep1Y=
github.com/davecgh/go-spew v1.1.0 h1:ZDRjVQ15GmhC3fiQ8ni8+OwkZQO4DARzQgrnXU1Liz8=
github.com/davecgh/go-spew v1.1.0/go.mod h1:J7Y8YcW2NihsgmVo/mv3lAwl/skON4iLHjSsI+c5H38=
github.com/gogo/protobuf v1.2.0 h1:xU6/SpYbvkNYiptHJYEDRseDLvYE7wSqhYYNy0QSUzI=
github.com/gogo/protobuf v1.2.0/go.mod h1:r8qH/GZQm5c6nD/R0oafs1akxWv10x8SbQlK7atdtwQ=
github.com/ipfs/go-ipfs-cmdkit v1.1.3 h1:4sbEnLjYmh8gJOCUiqtKp0EIboSYTFrxftc7S+U3gK4=
github.com/ipfs/go-ipfs-cmdkit v1.1.3/go.mod h1:9FtbMdUabcSqv/G4/8WCxSLxkZxn/aZEFrxxqnVcRbg=
github.com/ipfs/go-ipfs-files v0.0.0-20181213224250-86b2cb84da86 h1:amTSjPR6Bx2sDyjKO2wZniPI9g/fpYDsRXqXCyXNhdk=
github.com/ipfs/go-ipfs-files v0.0.0-20181213224250-86b2cb84da86/go.mod h1:6m71fxPZM2eOasRmgz6ryrSpTkriYsggu2Cnv2cu+jA=
github.com/ipfs/go-log v1.5.7 h1:8ef7XW41hzAnvVNkK5009/bOA9/MFr7fhdzkfAqvolI=
github.com/ipfs/go-log v1.5.7/go.mod h1:AKYS9u+ECLT8t30brTaoVwu3f1FpGx6C0352oI1zQ0Q=
github.com/mattn/go-colorable v0.0.9 h1:UVL0vNpWh04HeJXV0KLcaT7r06gOH2l4OW6ddYRUIY4=
github.com/mattn/go-colorable v0.0.9/go.mod h1:9vuHe8Xs5qXnSaW/c/ABM9alt+Vo+STaOChaDxuIBZU=
github.com/mattn/go-isatty v0.0.4 h1:bnP0vzxcAdeI1zdubAl5PjU6zsERjGZb7raWodagDYs=
github.com/mattn/go-isatty v0.0.4/go.mod h1:M+lRXTBqGeGNdLjl/ufCoiOlB5xdOkqRJdNxMWT7Zi4=
github.com/opentracing/opentracing-go v1.0.2 h1:3jA2P6O1F9UOrWVpwrIo17pu01KWvNWg4X946/Y5Zwg=
github.com/opentracing/opentracing-go v1.0.2/go.mod h1:UkNAQd3GIcIGf0SeVgPpRdFStlNbqXla1AfSYxPUl2o=
github.com/pmezard/go-difflib v1.0.0 h1:4DBwDE0NGyQoBHbLQYPwSUPoCMWR5BEzIk/f1lZbAQM=
github.com/pmezard/go-difflib v1.0.0/go.mod h1:iKH77koFhYxTK1pcRnkKkqfTogsbg7gZNVY4sRDYZ/4=
github.com/rs/cors v1.6.0 h1:G9tHG9lebljV9mfp9SNPDL36nCDxmo3zTlAf1YgvzmI=
github.com/rs/cors v1.6.0/go.mod h1:gFx+x8UowdsKA9AchylcLynDq+nNFfI8FkUZdN/jGCU=
github.com/stretchr/objx v0.1.0/go.mod h1:HFkY916IF+rwdDfMAkV7OtwuqBVzrE8GR6GFx+wExME=
github.com/stretchr/testify v1.3.0 h1:TivCn/peBQ7UY8ooIcPgZFpTNSz0Q2U6UrFlUfqbe0Q=
github.com/stretchr/testify v1.3.0/go.mod h1:M5WIy9Dh21IEIfnGCwXGc5bZfKNJtfHm1UVUgZn+9EI=
github.com/texttheater/golang-levenshtein v0.0.0-20180516184445-d188e65d659e h1:T5PdfK/M1xyrHwynxMIVMWLS7f/qHwfslZphxtGnw7s=
github.com/texttheater/golang-levenshtein v0.0.0-20180516184445-d188e65d659e/go.mod h1:XDKHRm5ThF8YJjx001LtgelzsoaEcvnA7lVWz9EeX3g=
github.com/whyrusleeping/go-logging v0.0.0-20170515211332-0457bb6b88fc h1:9lDbC6Rz4bwmou+oE6Dt4Cb2BGMur5eR/GYptkKUVHo=
github.com/whyrusleeping/go-logging v0.0.0-20170515211332-0457bb6b88fc/go.mod h1:bopw91TMyo8J3tvftk8xmU2kPmlrt4nScJQZU2hE5EM=
golang.org/x/net v0.0.0-20190119204137-ed066c81e75e h1:MDa3fSUp6MdYHouVmCCNz/zaH2a6CRcxY3VhT/K3C5Q=
golang.org/x/net v0.0.0-20190119204137-ed066c81e75e/go.mod h1:mL1N/T3taQHkDXs73rZJwtUhF3w3ftmwwsq0BUmARs4=
golang.org/x/sys v0.0.0-20190123074212-c6b37f3e9285 h1:b5t9HsJXzMmseFB6KtTJWSEtPP8SlVI5nFdf4hnoRFY=
golang.org/x/sys v0.0.0-20190123074212-c6b37f3e9285/go.mod h1:STP8DvDyc/dI5b8T5hshtkjS+E42TnysNCUPdjciGhY=
