github.com/Kubuxu/go-os-helper v0.0.1 h1:EJiD2VUQyh5A9hWJLmc6iWg6yIcJ7jpBcwC8GMGXfDk=
github.com/Kubuxu/go-os-helper v0.0.1/go.mod h1:N8B+I7vPCT80IcP58r50u4+gEEcsZETFUpAzWW2ep1Y=
github.com/davecgh/go-spew v1.1.0 h1:ZDRjVQ15GmhC3fiQ8ni8+OwkZQO4DARzQgrnXU1Liz8=
github.com/davecgh/go-spew v1.1.0/go.mod h1:J7Y8YcW2NihsgmVo/mv3lAwl/skON4iLHjSsI+c5H38=
github.com/gogo/protobuf v1.2.1 h1:/s5zKNz0uPFCZ5hddgPdo2TK2TVrUNMn0OOX8/aZMTE=
github.com/gogo/protobuf v1.2.1/go.mod h1:hp+jE20tsWTFYpLwKvXlhS1hjn+gTNwPg2I6zVXpSg4=
github.com/ipfs/go-ipfs-files v0.0.2 h1:fEEjF4H+1t8SFOHqUGp0KqcwgIRlbD2bu8CAS2sIggE=
github.com/ipfs/go-ipfs-files v0.0.2/go.mod h1:INEFm0LL2LWXBhNJ2PMIIb2w45hpXgPjNoE7yA8Y1d4=
github.com/ipfs/go-log v0.0.1 h1:9XTUN/rW64BCG1YhPK9Hoy3q8nr4gOmHHBpgFdfw6Lc=
github.com/ipfs/go-log v0.0.1/go.mod h1:kL1d2/hzSpI0thNYjiKfjanbVNU+IIGA/WnNESY9leM=
github.com/kisielk/errcheck v1.1.0/go.mod h1:EZBBE59ingxPouuu3KfxchcWSUPOHkagtvWXihfKN4Q=
github.com/kisielk/gotool v1.0.0/go.mod h1:XhKaO+MFFWcvkIS/tQcRk01m1F5IRFswLeQ+oQHNcck=
github.com/mattn/go-colorable v0.1.1 h1:G1f5SKeVxmagw/IyvzvtZE4Gybcc4Tr1tf7I8z0XgOg=
github.com/mattn/go-colorable v0.1.1/go.mod h1:FuOcm+DKB9mbwrcAfNl7/TZVBZ6rcnceauSikq3lYCQ=
github.com/mattn/go-isatty v0.0.5 h1:tHXDdz1cpzGaovsTB+TVB8q90WEokoVmfMqoVcrLUgw=
github.com/mattn/go-isatty v0.0.5/go.mod h1:Iq45c/XA43vh69/j3iqttzPXn0bhXyGjM0Hdxcsrc5s=
github.com/opentracing/opentracing-go v1.0.2 h1:3jA2P6O1F9UOrWVpwrIo17pu01KWvNWg4X946/Y5Zwg=
github.com/opentracing/opentracing-go v1.0.2/go.mod h1:UkNAQd3GIcIGf0SeVgPpRdFStlNbqXla1AfSYxPUl2o=
github.com/pmezard/go-difflib v1.0.0 h1:4DBwDE0NGyQoBHbLQYPwSUPoCMWR5BEzIk/f1lZbAQM=
github.com/pmezard/go-difflib v1.0.0/go.mod h1:iKH77koFhYxTK1pcRnkKkqfTogsbg7gZNVY4sRDYZ/4=
github.com/rs/cors v1.6.0 h1:G9tHG9lebljV9mfp9SNPDL36nCDxmo3zTlAf1YgvzmI=
github.com/rs/cors v1.6.0/go.mod h1:gFx+x8UowdsKA9AchylcLynDq+nNFfI8FkUZdN/jGCU=
github.com/stretchr/objx v0.1.0/go.mod h1:HFkY916IF+rwdDfMAkV7OtwuqBVzrE8GR6GFx+wExME=
github.com/stretchr/testify v1.3.0 h1:TivCn/peBQ7UY8ooIcPgZFpTNSz0Q2U6UrFlUfqbe0Q=
github.com/stretchr/testify v1.3.0/go.mod h1:M5WIy9Dh21IEIfnGCwXGc5bZfKNJtfHm1UVUgZn+9EI=
github.com/texttheater/golang-levenshtein v0.0.0-20180516184445-d188e65d659e h1:T5PdfK/M1xyrHwynxMIVMWLS7f/qHwfslZphxtGnw7s=
github.com/texttheater/golang-levenshtein v0.0.0-20180516184445-d188e65d659e/go.mod h1:XDKHRm5ThF8YJjx001LtgelzsoaEcvnA7lVWz9EeX3g=
github.com/whyrusleeping/go-logging v0.0.0-20170515211332-0457bb6b88fc h1:9lDbC6Rz4bwmou+oE6Dt4Cb2BGMur5eR/GYptkKUVHo=
github.com/whyrusleeping/go-logging v0.0.0-20170515211332-0457bb6b88fc/go.mod h1:bopw91TMyo8J3tvftk8xmU2kPmlrt4nScJQZU2hE5EM=
golang.org/x/crypto v0.0.0-20190308221718-c2843e01d9a2/go.mod h1:djNgcEr1/C05ACkg1iLfiJU5Ep61QUkGW8qpdssI0+w=
golang.org/x/crypto v0.0.0-20190513172903-22d7a77e9e5f h1:R423Cnkcp5JABoeemiGEPlt9tHXFfw5kvc0yqlxRPWo=
golang.org/x/crypto v0.0.0-20190513172903-22d7a77e9e5f/go.mod h1:yigFU9vqHzYiE8UmvKecakEJjdnWj3jj499lnFckfCI=
golang.org/x/net v0.0.0-20190227160552-c95aed5357e7 h1:C2F/nMkR/9sfUTpvR3QrjBuTdvMUC/cFajkphs1YLQo=
golang.org/x/net v0.0.0-20190227160552-c95aed5357e7/go.mod h1:mL1N/T3taQHkDXs73rZJwtUhF3w3ftmwwsq0BUmARs4=
golang.org/x/net v0.0.0-20190404232315-eb5bcb51f2a3 h1:0GoQqolDA55aaLxZyTzK/Y2ePZzZTUrRacwib7cNsYQ=
golang.org/x/net v0.0.0-20190404232315-eb5bcb51f2a3/go.mod h1:t9HGtf8HONx5eT2rtn7q6eTqICYqUVnKs3thJo3Qplg=
golang.org/x/sys v0.0.0-20190215142949-d0b11bdaac8a/go.mod h1:STP8DvDyc/dI5b8T5hshtkjS+E42TnysNCUPdjciGhY=
golang.org/x/sys v0.0.0-20190222072716-a9d3bda3a223/go.mod h1:STP8DvDyc/dI5b8T5hshtkjS+E42TnysNCUPdjciGhY=
golang.org/x/sys v0.0.0-20190302025703-b6889370fb10 h1:xQJI9OEiErEQ++DoXOHqEpzsGMrAv2Q2jyCpi7DmfpQ=
golang.org/x/sys v0.0.0-20190302025703-b6889370fb10/go.mod h1:STP8DvDyc/dI5b8T5hshtkjS+E42TnysNCUPdjciGhY=
golang.org/x/sys v0.0.0-20190412213103-97732733099d h1:+R4KGOnez64A81RvjARKc4UT5/tI9ujCIVX+P5KiHuI=
golang.org/x/sys v0.0.0-20190412213103-97732733099d/go.mod h1:h1NjWce9XRLGQEsW7wpKNCjG9DtNlClVuFLEZdDNbEs=
golang.org/x/text v0.3.0/go.mod h1:NqM8EUOU14njkJ3fqMW+pc6Ldnwhi/IjpwHt7yyuwOQ=
golang.org/x/tools v0.0.0-20180221164845-07fd8470d635/go.mod h1:n7NCudcB/nEzxVGmLbDWY5pfWTLqBcC2KZ6jyYvM4mQ=
